Microsoft Visual Studio Solution File, Format Version 12.00
# Visual Studio 15
VisualStudioVersion = 15.0.27130.2003
MinimumVisualStudioVersion = 10.0.40219.1
Project("{8BC9CEB8-8B4A-11D0-8D11-00A0C91BC942}") = "sim", "sim.vcxproj", "{535D86D8-9BDC-3823-8944-3CCECC40FE85}"
EndProject
Global
	GlobalSection(SolutionConfigurationPlatforms) = preSolution
		Debug|x64 = Debug|x64
		MinSizeRel|x64 = MinSizeRel|x64
		Release|x64 = Release|x64
		RelWithDebInfo|x64 = RelWithDebInfo|x64
	EndGlobalSection
	GlobalSection(ProjectConfigurationPlatforms) = postSolution
		{535D86D8-9BDC-3823-8944-3CCECC40FE85}.Debug|x64.ActiveCfg = Debug|x64
		{535D86D8-9BDC-3823-8944-3CCECC40FE85}.Debug|x64.Build.0 = Debug|x64
		{535D86D8-9BDC-3823-8944-3CCECC40FE85}.MinSizeRel|x64.ActiveCfg = MinSizeRel|x64
		{535D86D8-9BDC-3823-8944-3CCECC40FE85}.MinSizeRel|x64.Build.0 = MinSizeRel|x64
		{535D86D8-9BDC-3823-8944-3CCECC40FE85}.Release|x64.ActiveCfg = Release|x64
		{535D86D8-9BDC-3823-8944-3CCECC40FE85}.Release|x64.Build.0 = Release|x64
		{535D86D8-9BDC-3823-8944-3CCECC40FE85}.RelWithDebInfo|x64.ActiveCfg = RelWithDebInfo|x64
		{535D86D8-9BDC-3823-8944-3CCECC40FE85}.RelWithDebInfo|x64.Build.0 = RelWithDebInfo|x64
	EndGlobalSection
	GlobalSection(SolutionProperties) = preSolution
		HideSolutionNode = FALSE
	EndGlobalSection
	GlobalSection(ExtensibilityGlobals) = postSolution
		SolutionGuid = {3F3FD91E-FC7D-3475-B6E4-2C2D86D34C17}
	EndGlobalSection
EndGlobal
