<?xml version="1.0" encoding="utf-8"?>
<Project ToolsVersion="15.0" xmlns="http://schemas.microsoft.com/developer/msbuild/2003">
  <ItemGroup>
    <ClCompile Include="C:\source\project\MCSim\mod\getopt.c">
      <Filter>Source Files</Filter>
    </ClCompile>
    <ClCompile Include="C:\source\project\MCSim\mod\lex.c">
      <Filter>Source Files</Filter>
    </ClCompile>
    <ClCompile Include="C:\source\project\MCSim\mod\lexerr.c">
      <Filter>Source Files</Filter>
    </ClCompile>
    <ClCompile Include="C:\source\project\MCSim\mod\lexfn.c">
      <Filter>Source Files</Filter>
    </ClCompile>
    <ClCompile Include="C:\source\project\MCSim\mod\mod.c">
      <Filter>Source Files</Filter>
    </ClCompile>
    <ClCompile Include="C:\source\project\MCSim\mod\modd.c">
      <Filter>Source Files</Filter>
    </ClCompile>
    <ClCompile Include="C:\source\project\MCSim\mod\modi.c">
      <Filter>Source Files</Filter>
    </ClCompile>
    <ClCompile Include="C:\source\project\MCSim\mod\modiSBML.c">
      <Filter>Source Files</Filter>
    </ClCompile>
    <ClCompile Include="C:\source\project\MCSim\mod\modiSBML2.c">
      <Filter>Source Files</Filter>
    </ClCompile>
    <ClCompile Include="C:\source\project\MCSim\mod\modo.c">
      <Filter>Source Files</Filter>
    </ClCompile>
    <ClCompile Include="C:\source\project\MCSim\mod\strutil.c">
      <Filter>Source Files</Filter>
    </ClCompile>
  </ItemGroup>
  <ItemGroup>
    <ClInclude Include="C:\source\project\MCSim\mod\getopt.h">
      <Filter>Header Files</Filter>
    </ClInclude>
    <ClInclude Include="C:\source\project\MCSim\mod\hungtype.h">
      <Filter>Header Files</Filter>
    </ClInclude>
    <ClInclude Include="C:\source\project\MCSim\mod\lex.h">
      <Filter>Header Files</Filter>
    </ClInclude>
    <ClInclude Include="C:\source\project\MCSim\mod\lexerr.h">
      <Filter>Header Files</Filter>
    </ClInclude>
    <ClInclude Include="C:\source\project\MCSim\mod\lexfn.h">
      <Filter>Header Files</Filter>
    </ClInclude>
    <ClInclude Include="C:\source\project\MCSim\mod\mod.h">
      <Filter>Header Files</Filter>
    </ClInclude>
    <ClInclude Include="C:\source\project\MCSim\mod\modd.h">
      <Filter>Header Files</Filter>
    </ClInclude>
    <ClInclude Include="C:\source\project\MCSim\mod\modi.h">
      <Filter>Header Files</Filter>
    </ClInclude>
    <ClInclude Include="C:\source\project\MCSim\mod\modiSBML.h">
      <Filter>Header Files</Filter>
    </ClInclude>
    <ClInclude Include="C:\source\project\MCSim\mod\modo.h">
      <Filter>Header Files</Filter>
    </ClInclude>
    <ClInclude Include="C:\source\project\MCSim\mod\strutil.h">
      <Filter>Header Files</Filter>
    </ClInclude>
  </ItemGroup>
  <ItemGroup>
    <Filter Include="Source Files">
      <UniqueIdentifier>{7B5AB934-9202-396C-B4E2-1A38DEF85651}</UniqueIdentifier>
    </Filter>
    <Filter Include="Header Files">
      <UniqueIdentifier>{C734AC37-29EB-3341-BD77-5CE88B9F7FBD}</UniqueIdentifier>
    </Filter>
  </ItemGroup>
</Project>