<?xml version="1.0" encoding="utf-8"?>
<Project ToolsVersion="15.0" xmlns="http://schemas.microsoft.com/developer/msbuild/2003">
  <ItemGroup>
    <ClCompile Include="C:\source\project\MCSim\sim\delays.c">
      <Filter>Source Files</Filter>
    </ClCompile>
    <ClCompile Include="C:\source\project\MCSim\sim\getopt.c">
      <Filter>Source Files</Filter>
    </ClCompile>
    <ClCompile Include="C:\source\project\MCSim\sim\lex.c">
      <Filter>Source Files</Filter>
    </ClCompile>
    <ClCompile Include="C:\source\project\MCSim\sim\lexerr.c">
      <Filter>Source Files</Filter>
    </ClCompile>
    <ClCompile Include="C:\source\project\MCSim\sim\lexfn.c">
      <Filter>Source Files</Filter>
    </ClCompile>
    <ClCompile Include="C:\source\project\MCSim\sim\list.c">
      <Filter>Source Files</Filter>
    </ClCompile>
    <ClCompile Include="C:\source\project\MCSim\sim\lsodes1.c">
      <Filter>Source Files</Filter>
    </ClCompile>
    <ClCompile Include="C:\source\project\MCSim\sim\lsodes2.c">
      <Filter>Source Files</Filter>
    </ClCompile>
    <ClCompile Include="C:\source\project\MCSim\sim\matutil.c">
      <Filter>Source Files</Filter>
    </ClCompile>
    <ClCompile Include="C:\source\project\MCSim\sim\matutilo.c">
      <Filter>Source Files</Filter>
    </ClCompile>
    <ClCompile Include="C:\source\project\MCSim\sim\mh.c">
      <Filter>Source Files</Filter>
    </ClCompile>
    <ClCompile Include="C:\source\project\MCSim\sim\modelu.c">
      <Filter>Source Files</Filter>
    </ClCompile>
    <ClCompile Include="C:\source\project\MCSim\sim\optdsign.c">
      <Filter>Source Files</Filter>
    </ClCompile>
    <ClCompile Include="C:\source\project\MCSim\sim\random.c">
      <Filter>Source Files</Filter>
    </ClCompile>
    <ClCompile Include="C:\source\project\MCSim\sim\sim.c">
      <Filter>Source Files</Filter>
    </ClCompile>
    <ClCompile Include="C:\source\project\MCSim\sim\simi.c">
      <Filter>Source Files</Filter>
    </ClCompile>
    <ClCompile Include="C:\source\project\MCSim\sim\siminit.c">
      <Filter>Source Files</Filter>
    </ClCompile>
    <ClCompile Include="C:\source\project\MCSim\sim\simmonte.c">
      <Filter>Source Files</Filter>
    </ClCompile>
    <ClCompile Include="C:\source\project\MCSim\sim\simo.c">
      <Filter>Source Files</Filter>
    </ClCompile>
    <ClCompile Include="C:\source\project\MCSim\sim\strutil.c">
      <Filter>Source Files</Filter>
    </ClCompile>
    <ClCompile Include="C:\source\project\MCSim\sim\yourcode.c">
      <Filter>Source Files</Filter>
    </ClCompile>
    <ClCompile Include="C:\source\project\MCSim\deps\model\src\model.c">
      <Filter>Source Files</Filter>
    </ClCompile>
  </ItemGroup>
  <ItemGroup>
    <ClInclude Include="C:\source\project\MCSim\sim\delays.h">
      <Filter>Header Files</Filter>
    </ClInclude>
    <ClInclude Include="C:\source\project\MCSim\sim\getopt.h">
      <Filter>Header Files</Filter>
    </ClInclude>
    <ClInclude Include="C:\source\project\MCSim\sim\hungtype.h">
      <Filter>Header Files</Filter>
    </ClInclude>
    <ClInclude Include="C:\source\project\MCSim\sim\lex.h">
      <Filter>Header Files</Filter>
    </ClInclude>
    <ClInclude Include="C:\source\project\MCSim\sim\lexerr.h">
      <Filter>Header Files</Filter>
    </ClInclude>
    <ClInclude Include="C:\source\project\MCSim\sim\lexfn.h">
      <Filter>Header Files</Filter>
    </ClInclude>
    <ClInclude Include="C:\source\project\MCSim\sim\list.h">
      <Filter>Header Files</Filter>
    </ClInclude>
    <ClInclude Include="C:\source\project\MCSim\sim\lsodes.h">
      <Filter>Header Files</Filter>
    </ClInclude>
    <ClInclude Include="C:\source\project\MCSim\sim\matutil.h">
      <Filter>Header Files</Filter>
    </ClInclude>
    <ClInclude Include="C:\source\project\MCSim\sim\matutilo.h">
      <Filter>Header Files</Filter>
    </ClInclude>
    <ClInclude Include="C:\source\project\MCSim\sim\mh.h">
      <Filter>Header Files</Filter>
    </ClInclude>
    <ClInclude Include="C:\source\project\MCSim\sim\modelu.h">
      <Filter>Header Files</Filter>
    </ClInclude>
    <ClInclude Include="C:\source\project\MCSim\sim\modiface.h">
      <Filter>Header Files</Filter>
    </ClInclude>
    <ClInclude Include="C:\source\project\MCSim\sim\optdsign.h">
      <Filter>Header Files</Filter>
    </ClInclude>
    <ClInclude Include="C:\source\project\MCSim\sim\random.h">
      <Filter>Header Files</Filter>
    </ClInclude>
    <ClInclude Include="C:\source\project\MCSim\sim\sim.h">
      <Filter>Header Files</Filter>
    </ClInclude>
    <ClInclude Include="C:\source\project\MCSim\sim\simi.h">
      <Filter>Header Files</Filter>
    </ClInclude>
    <ClInclude Include="C:\source\project\MCSim\sim\siminit.h">
      <Filter>Header Files</Filter>
    </ClInclude>
    <ClInclude Include="C:\source\project\MCSim\sim\simmonte.h">
      <Filter>Header Files</Filter>
    </ClInclude>
    <ClInclude Include="C:\source\project\MCSim\sim\simo.h">
      <Filter>Header Files</Filter>
    </ClInclude>
    <ClInclude Include="C:\source\project\MCSim\sim\strutil.h">
      <Filter>Header Files</Filter>
    </ClInclude>
    <ClInclude Include="C:\source\project\MCSim\sim\yourcode.h">
      <Filter>Header Files</Filter>
    </ClInclude>
  </ItemGroup>
  <ItemGroup>
    <Filter Include="Source Files">
      <UniqueIdentifier>{85CE9F64-629D-3EFF-B46B-D645FF551B0C}</UniqueIdentifier>
    </Filter>
    <Filter Include="Header Files">
      <UniqueIdentifier>{227169C3-6548-3CD8-BADD-B0D336A161D3}</UniqueIdentifier>
    </Filter>
  </ItemGroup>
</Project>